
Microsoft Visual Studio Solution File, Format Version 12.00
# Visual Studio Version 17
VisualStudioVersion = 17.7.34003.232
MinimumVisualStudioVersion = 10.0.40219.1
Project("{9A19103F-16F7-4668-BE54-9A1E7A4F7556}") = "TravelBudget", "TravelBudget\TravelBudget.csproj", "{34F62692-FA68-43DD-ADE8-C23177C4D093}"
EndProject
Project("{9A19103F-16F7-4668-BE54-9A1E7A4F7556}") = "TravelBudgetModels", "..\TravelBudgetLibrary\TravelBudgetModels\TravelBudgetModels.csproj", "{410930A5-DC88-4E3B-AA5A-67DA94CAC945}"
EndProject
Project("{9A19103F-16F7-4668-BE54-9A1E7A4F7556}") = "TravelBudgetContactContext", "..\TravelBudgetLibrary\TravelBudgetContactContext\TravelBudgetContactContext.csproj", "{BC594348-66EB-4227-9104-8A209F07459A}"
EndProject
Global
	GlobalSection(SolutionConfigurationPlatforms) = preSolution
		Debug|Any CPU = Debug|Any CPU
		Release|Any CPU = Release|Any CPU
	EndGlobalSection
	GlobalSection(ProjectConfigurationPlatforms) = postSolution
		{34F62692-FA68-43DD-ADE8-C23177C4D093}.Debug|Any CPU.ActiveCfg = Debug|Any CPU
		{34F62692-FA68-43DD-ADE8-C23177C4D093}.Debug|Any CPU.Build.0 = Debug|Any CPU
		{34F62692-FA68-43DD-ADE8-C23177C4D093}.Release|Any CPU.ActiveCfg = Release|Any CPU
		{34F62692-FA68-43DD-ADE8-C23177C4D093}.Release|Any CPU.Build.0 = Release|Any CPU
		{410930A5-DC88-4E3B-AA5A-67DA94CAC945}.Debug|Any CPU.ActiveCfg = Debug|Any CPU
		{410930A5-DC88-4E3B-AA5A-67DA94CAC945}.Debug|Any CPU.Build.0 = Debug|Any CPU
		{410930A5-DC88-4E3B-AA5A-67DA94CAC945}.Release|Any CPU.ActiveCfg = Release|Any CPU
		{410930A5-DC88-4E3B-AA5A-67DA94CAC945}.Release|Any CPU.Build.0 = Release|Any CPU
		{BC594348-66EB-4227-9104-8A209F07459A}.Debug|Any CPU.ActiveCfg = Debug|Any CPU
		{BC594348-66EB-4227-9104-8A209F07459A}.Debug|Any CPU.Build.0 = Debug|Any CPU
		{BC594348-66EB-4227-9104-8A209F07459A}.Release|Any CPU.ActiveCfg = Release|Any CPU
		{BC594348-66EB-4227-9104-8A209F07459A}.Release|Any CPU.Build.0 = Release|Any CPU
	EndGlobalSection
	GlobalSection(SolutionProperties) = preSolution
		HideSolutionNode = FALSE
	EndGlobalSection
	GlobalSection(ExtensibilityGlobals) = postSolution
		SolutionGuid = {7792358A-7A4F-4672-9236-9CE542C0A139}
	EndGlobalSection
EndGlobal
